# THIS IS AN AUTOGENERATED FILE. DO NOT EDIT THIS FILE DIRECTLY.
# yarn lockfile v1


node-zklib@^1.0.0:
  version "1.0.0"
  resolved "https://registry.yarnpkg.com/node-zklib/-/node-zklib-1.0.0.tgz#5ad7d2169390f33097941acbffccee9fb67df6ec"
  integrity sha512-zcZe/CI6LP3ObPwC5owNQvDaa6solcNvK6/kodCaisXhc4I0z7mLPn71L9/8pJVCh90YuMjAvv/ENNf4Mrb4vA==
